// !$*UTF8*$!
{
	archiveVersion = 1;
	classes = {
	};
	objectVersion = 46;
	objects = {
		CF11DB650BE70004D6E382C7 = {
			isa = PBXBuildFile;
			fileRef = A798BC4F9C19B88333C25A23;
		};
		64163694C743626FAB5F58F7 = {
			isa = PBXBuildFile;
			fileRef = 303910ABBCD8DFF9D9A34C82;
		};
		99C5C68126CCD81D53CB2CFD = {
			isa = PBXBuildFile;
			fileRef = E36B84622BC710702FF8D3F8;
		};
		237E63E910FEEA07E0BF3BD2 = {
			isa = PBXBuildFile;
			fileRef = 7650A94AA28118A2A9A2BED9;
		};
		52579A843696D82663EDD91B = {
			isa = PBXBuildFile;
			fileRef = DDA48BE7089ECEF7DF959103;
		};
		4B575CC0C8154008698FF0DE = {
			isa = PBXBuildFile;
			fileRef = 5B1F752B7321CE429D18AD4C;
		};
		226C2D340727DC10097C40B5 = {
			isa = PBXBuildFile;
			fileRef = C54346515B65AC517129EE80;
		};
		10B4AE9D8BBB5AAC437F6F3F = {
			isa = PBXBuildFile;
			fileRef = DF80754BA5EAD4A57AA6A4CC;
		};
		8B7BE73C8C2FFE2AB585A460 = {
			isa = PBXBuildFile;
			fileRef = 44029217385C3AAD6901681E;
		};
		DDB1BF0A9F32058449249C06 = {
			isa = PBXBuildFile;
			fileRef = DA8ADA5B76BB1041C799A38B;
		};
		C4D7E4E0E901EA9430DF5E15 = {
			isa = PBXBuildFile;
			fileRef = CF22F2E58A41613B66018177;
		};
		00B8013F8FA301E0AF2FDCFE = {
			isa = PBXBuildFile;
			fileRef = B1399822C802975CA72BCBBA;
		};
		0CC86DD2A8A039321F8F7425 = {
			isa = PBXBuildFile;
			fileRef = F0F0EFB44C1DEE364F40C954;
		};
		06EB489E7B1928F2D3186E8B = {
			isa = PBXBuildFile;
			fileRef = C815C197648E619181F5661D;
		};
		877A1FE871559FA728F1BA69 = {
			isa = PBXBuildFile;
			fileRef = 5306B91D09C5F8F8B352AE29;
		};
		27F9CD71FBC77112712BBC49 = {
			isa = PBXBuildFile;
			fileRef = 76A05722F24048953284EDD1;
		};
		CF319FA0EE3A47D3AB5FC718 = {
			isa = PBXBuildFile;
			fileRef = EB5F915172F04D49E18F27BA;
		};
		8F1E94DFB22CCDC02053E2FC = {
			isa = PBXBuildFile;
			fileRef = 4A20A1FB7FAAB062FB136E40;
		};
		5947117DE40E54247DFE1B9C = {
			isa = PBXBuildFile;
			fileRef = 22B07960A03725CFEB3E9553;
		};
		498E8E8127A9ABC805E5921C = {
			isa = PBXBuildFile;
			fileRef = 1F0F2BE80A45AFE93EB3CE87;
		};
		0F0C3AACE9461F6FBE19E3F3 = {
			isa = PBXBuildFile;
			fileRef = A5ED80A0E6B780973D9A1E41;
		};
		54F6C6B779DB5A2B95F43FDC = {
			isa = PBXBuildFile;
			fileRef = 6668F9DC408A84EA6596BB06;
		};
		2864D5EA0DAA5C432B9FDCEC = {
			isa = PBXBuildFile;
			fileRef = 69972386426A57B9059560B5;
		};
		B7DBDDE2DDA5E2E6B6482721 = {
			isa = PBXBuildFile;
			fileRef = 1B606BCD5E6E3C4ABF9ED2E8;
		};
		EB3883BF545B324C3EA8DC62 = {
			isa = PBXBuildFile;
			fileRef = E600D3913E40772463BE9576;
		};
		131B965C8AE261B882BAFE0C = {
			isa = PBXBuildFile;
			fileRef = 3CD647707E9EBB5A54FD8F3E;
		};
		3DA13A37F18657AA3F4565BD = {
			isa = PBXBuildFile;
			fileRef = 0B4DFFC316D3EE980C26D1F9;
		};
		CE85ECB1AB6E0F2E03DBF3A4 = {
			isa = PBXBuildFile;
			fileRef = E162A260F38D3BC084395227;
		};
		EBCDC173B0AA02C558B8C58D = {
			isa = PBXBuildFile;
			fileRef = 9403713A9F13FF0C03F03CAA;
		};
		D0CE63CE6462B16275FECFCD = {
			isa = PBXBuildFile;
			fileRef = 3AF58C4B26C302255422CADD;
		};
		136B00769E315BC1B90E2809 = {
			isa = PBXBuildFile;
			fileRef = 009B0FC0067A44A35FD6ACA9;
		};
		1E731E45814B6956F183DBCC = {
			isa = PBXBuildFile;
			fileRef = 686D0DB980C009FDF612A545;
		};
		AE30BD7C068EAF0864B0B2B6 = {
			isa = PBXBuildFile;
			fileRef = 5D7684D279E6933FB89EDE44;
		};
		47B71CCB7E65B47D3F5E424A = {
			isa = PBXBuildFile;
			fileRef = B18BC6DD7657E763BD95CEA0;
		};
		3A590F8766160D0FF13DF8E6 = {
			isa = PBXBuildFile;
			fileRef = E2313F34F5035E84DAA0DF4A;
		};
		770F8B3973D06C41EB0226D2 = {
			isa = PBXBuildFile;
			fileRef = 510FACDB222E186232656BBD;
		};
		A49E8AB62D2742230987C683 = {
			isa = PBXBuildFile;
			fileRef = 8D8BC10109500A002BAC8EFB;
		};
		88EFBA370E510B61102A736A = {
			isa = PBXBuildFile;
			fileRef = 440CA707251B000AE0F5ECF0;
		};
		6E0F30C9EF2965B2851BCE36 = {
			isa = PBXBuildFile;
			fileRef = 8755473E71DF98C057A20C83;
		};
		AB00BFB2AF97A61D8D1FCF3C = {
			isa = PBXBuildFile;
			fileRef = E2263EE166A0A3292B745003;
		};
		009B0FC0067A44A35FD6ACA9 = {
			isa = PBXFileReference;
			lastKnownFileType = sourcecode.cpp.objcpp;
			name = "include_juce_audio_processors.mm";
			path = "../../JuceLibraryCode/include_juce_audio_processors.mm";
			sourceTree = "SOURCE_ROOT";
		};
		06E3F68AEDB2F80E024D481F = {
			isa = PBXFileReference;
			lastKnownFileType = file;
			name = "juce_audio_devices";
			path = "/Users/jason/dev/JUCE/modules/juce_audio_devices";
			sourceTree = "<absolute>";
		};
		0B4DFFC316D3EE980C26D1F9 = {
			isa = PBXFileReference;
			lastKnownFileType = sourcecode.cpp.cpp;
			name = "include_juce_audio_plugin_client_Standalone.cpp";
			path = "../../JuceLibraryCode/include_juce_audio_plugin_client_Standalone.cpp";
			sourceTree = "SOURCE_ROOT";
		};
		1B606BCD5E6E3C4ABF9ED2E8 = {
			isa = PBXFileReference;
			lastKnownFileType = file.r;
			name = "include_juce_audio_plugin_client_AU.r";
			path = "../../JuceLibraryCode/include_juce_audio_plugin_client_AU.r";
			sourceTree = "SOURCE_ROOT";
		};
		1F0F2BE80A45AFE93EB3CE87 = {
			isa = PBXFileReference;
			lastKnownFileType = sourcecode.cpp.cpp;
			name = PluginEditor.cpp;
			path = ../../Source/PluginEditor.cpp;
			sourceTree = "SOURCE_ROOT";
		};
		22B07960A03725CFEB3E9553 = {
			isa = PBXFileReference;
			lastKnownFileType = sourcecode.cpp.cpp;
			name = PluginProcessor.cpp;
			path = ../../Source/PluginProcessor.cpp;
			sourceTree = "SOURCE_ROOT";
		};
		2FB01A9C63DBB0D61AB50B3F = {
			isa = PBXFileReference;
			lastKnownFileType = file;
			name = "juce_audio_formats";
			path = "/Users/jason/dev/JUCE/modules/juce_audio_formats";
			sourceTree = "<absolute>";
		};
		3AF58C4B26C302255422CADD = {
			isa = PBXFileReference;
			lastKnownFileType = sourcecode.cpp.cpp;
			name = "include_juce_audio_plugin_client_VST3.cpp";
			path = "../../JuceLibraryCode/include_juce_audio_plugin_client_VST3.cpp";
			sourceTree = "SOURCE_ROOT";
		};
		3CD647707E9EBB5A54FD8F3E = {
			isa = PBXFileReference;
			lastKnownFileType = sourcecode.cpp.objcpp;
			name = "include_juce_audio_plugin_client_AU_2.mm";
			path = "../../JuceLibraryCode/include_juce_audio_plugin_client_AU_2.mm";
			sourceTree = "SOURCE_ROOT";
		};
		A798BC4F9C19B88333C25A23 = {
			isa = PBXFileReference;
			explicitFileType = wrapper.cfbundle;
			includeInIndex = 0;
			path = "vst-chordical.vst3";
			sourceTree = "BUILT_PRODUCTS_DIR";
		};
		303910ABBCD8DFF9D9A34C82 = {
			isa = PBXFileReference;
			explicitFileType = wrapper.cfbundle;
			includeInIndex = 0;
			path = "vst-chordical.component";
			sourceTree = "BUILT_PRODUCTS_DIR";
		};
		44029217385C3AAD6901681E = {
			isa = PBXFileReference;
			lastKnownFileType = wrapper.framework;
			name = Cocoa.framework;
			path = System/Library/Frameworks/Cocoa.framework;
			sourceTree = SDKROOT;
		};
		440CA707251B000AE0F5ECF0 = {
			isa = PBXFileReference;
			lastKnownFileType = sourcecode.cpp.objcpp;
			name = "include_juce_gui_basics.mm";
			path = "../../JuceLibraryCode/include_juce_gui_basics.mm";
			sourceTree = "SOURCE_ROOT";
		};
		4A20A1FB7FAAB062FB136E40 = {
			isa = PBXFileReference;
			lastKnownFileType = file.nib;
			name = RecentFilesMenuTemplate.nib;
			path = RecentFilesMenuTemplate.nib;
			sourceTree = "SOURCE_ROOT";
		};
		4C296C86A6DFF223CEADB388 = {
			isa = PBXFileReference;
			lastKnownFileType = file;
			name = "juce_audio_basics";
			path = "/Users/jason/dev/JUCE/modules/juce_audio_basics";
			sourceTree = "<absolute>";
		};
		5081668C31281601D2F1BAB2 = {
			isa = PBXFileReference;
			lastKnownFileType = file;
			name = "juce_audio_processors";
			path = "/Users/jason/dev/JUCE/modules/juce_audio_processors";
			sourceTree = "<absolute>";
		};
		510FACDB222E186232656BBD = {
			isa = PBXFileReference;
			lastKnownFileType = sourcecode.cpp.objcpp;
			name = "include_juce_events.mm";
			path = "../../JuceLibraryCode/include_juce_events.mm";
			sourceTree = "SOURCE_ROOT";
		};
		5306B91D09C5F8F8B352AE29 = {
			isa = PBXFileReference;
			lastKnownFileType = wrapper.framework;
			name = OpenGL.framework;
			path = System/Library/Frameworks/OpenGL.framework;
			sourceTree = SDKROOT;
		};
		5A16384B28B7A5D82E19AFCA = {
			isa = PBXFileReference;
			lastKnownFileType = file;
			name = "juce_audio_utils";
			path = "/Users/jason/dev/JUCE/modules/juce_audio_utils";
			sourceTree = "<absolute>";
		};
		5B1F752B7321CE429D18AD4C = {
			isa = PBXFileReference;
			lastKnownFileType = wrapper.framework;
			name = Accelerate.framework;
			path = System/Library/Frameworks/Accelerate.framework;
			sourceTree = SDKROOT;
		};
		5D7684D279E6933FB89EDE44 = {
			isa = PBXFileReference;
			lastKnownFileType = sourcecode.cpp.objcpp;
			name = "include_juce_core.mm";
			path = "../../JuceLibraryCode/include_juce_core.mm";
			sourceTree = "SOURCE_ROOT";
		};
		5F6421DD6180963E4EF78389 = {
			isa = PBXFileReference;
			lastKnownFileType = sourcecode.c.h;
			name = PluginProcessor.h;
			path = ../../Source/PluginProcessor.h;
			sourceTree = "SOURCE_ROOT";
		};
		629DA9EBB3C6B6CF851BFA87 = {
			isa = PBXFileReference;
			lastKnownFileType = sourcecode.c.h;
			name = JuceHeader.h;
			path = ../../JuceLibraryCode/JuceHeader.h;
			sourceTree = "SOURCE_ROOT";
		};
		6668F9DC408A84EA6596BB06 = {
			isa = PBXFileReference;
			lastKnownFileType = sourcecode.cpp.objcpp;
			name = "include_juce_audio_devices.mm";
			path = "../../JuceLibraryCode/include_juce_audio_devices.mm";
			sourceTree = "SOURCE_ROOT";
		};
		686D0DB980C009FDF612A545 = {
			isa = PBXFileReference;
			lastKnownFileType = sourcecode.cpp.objcpp;
			name = "include_juce_audio_utils.mm";
			path = "../../JuceLibraryCode/include_juce_audio_utils.mm";
			sourceTree = "SOURCE_ROOT";
		};
		69972386426A57B9059560B5 = {
			isa = PBXFileReference;
			lastKnownFileType = sourcecode.cpp.objcpp;
			name = "include_juce_audio_formats.mm";
			path = "../../JuceLibraryCode/include_juce_audio_formats.mm";
			sourceTree = "SOURCE_ROOT";
		};
		6AC00B2C5F54B828BE6E9EE4 = {
			isa = PBXFileReference;
			lastKnownFileType = text.plist.xml;
			name = "Info-VST3.plist";
			path = "Info-VST3.plist";
			sourceTree = "SOURCE_ROOT";
		};
		6E6503F5606F94D9A9AE8C9F = {
			isa = PBXFileReference;
			lastKnownFileType = text.plist.xml;
			name = "Info-AU.plist";
			path = "Info-AU.plist";
			sourceTree = "SOURCE_ROOT";
		};
		76A05722F24048953284EDD1 = {
			isa = PBXFileReference;
			lastKnownFileType = wrapper.framework;
			name = QuartzCore.framework;
			path = System/Library/Frameworks/QuartzCore.framework;
			sourceTree = SDKROOT;
		};
		8755473E71DF98C057A20C83 = {
			isa = PBXFileReference;
			lastKnownFileType = sourcecode.cpp.objcpp;
			name = "include_juce_gui_extra.mm";
			path = "../../JuceLibraryCode/include_juce_gui_extra.mm";
			sourceTree = "SOURCE_ROOT";
		};
		8D8BC10109500A002BAC8EFB = {
			isa = PBXFileReference;
			lastKnownFileType = sourcecode.cpp.objcpp;
			name = "include_juce_graphics.mm";
			path = "../../JuceLibraryCode/include_juce_graphics.mm";
			sourceTree = "SOURCE_ROOT";
		};
		9403713A9F13FF0C03F03CAA = {
			isa = PBXFileReference;
			lastKnownFileType = sourcecode.cpp.objcpp;
			name = "include_juce_audio_plugin_client_VST_utils.mm";
			path = "../../JuceLibraryCode/include_juce_audio_plugin_client_VST_utils.mm";
			sourceTree = "SOURCE_ROOT";
		};
		94ED4B58C9790F9B83997A55 = {
			isa = PBXFileReference;
			lastKnownFileType = file;
			name = "juce_gui_extra";
			path = "/Users/jason/dev/JUCE/modules/juce_gui_extra";
			sourceTree = "<absolute>";
		};
		A2EE7CE9B3763D08A3B8886A = {
			isa = PBXFileReference;
			lastKnownFileType = file;
			name = "juce_graphics";
			path = "/Users/jason/dev/JUCE/modules/juce_graphics";
			sourceTree = "<absolute>";
		};
		A5ED80A0E6B780973D9A1E41 = {
			isa = PBXFileReference;
			lastKnownFileType = sourcecode.cpp.objcpp;
			name = "include_juce_audio_basics.mm";
			path = "../../JuceLibraryCode/include_juce_audio_basics.mm";
			sourceTree = "SOURCE_ROOT";
		};
		B13225B059DA8D3BB4F035CF = {
			isa = PBXFileReference;
			lastKnownFileType = file;
			name = "juce_cryptography";
			path = "/Users/jason/dev/JUCE/modules/juce_cryptography";
			sourceTree = "<absolute>";
		};
		B1399822C802975CA72BCBBA = {
			isa = PBXFileReference;
			lastKnownFileType = wrapper.framework;
			name = CoreMIDI.framework;
			path = System/Library/Frameworks/CoreMIDI.framework;
			sourceTree = SDKROOT;
		};
		B18BC6DD7657E763BD95CEA0 = {
			isa = PBXFileReference;
			lastKnownFileType = sourcecode.cpp.objcpp;
			name = "include_juce_cryptography.mm";
			path = "../../JuceLibraryCode/include_juce_cryptography.mm";
			sourceTree = "SOURCE_ROOT";
		};
		B2AD9E11EB4BDB40981C5F24 = {
			isa = PBXFileReference;
			lastKnownFileType = file;
			name = "juce_core";
			path = "/Users/jason/dev/JUCE/modules/juce_core";
			sourceTree = "<absolute>";
		};
		B2B1326CD4269354DE2D2B3A = {
			isa = PBXFileReference;
			lastKnownFileType = sourcecode.c.h;
			name = AppConfig.h;
			path = ../../JuceLibraryCode/AppConfig.h;
			sourceTree = "SOURCE_ROOT";
		};
		B44B6901D32E48150737E8D8 = {
			isa = PBXFileReference;
			lastKnownFileType = text.plist.xml;
			name = "Info-Standalone_Plugin.plist";
			path = "Info-Standalone_Plugin.plist";
			sourceTree = "SOURCE_ROOT";
		};
		B4BFADB6087C192F2241C873 = {
			isa = PBXFileReference;
			lastKnownFileType = file;
			name = "juce_events";
			path = "/Users/jason/dev/JUCE/modules/juce_events";
			sourceTree = "<absolute>";
		};
		C09A84CCB9186A2295BF5A03 = {
			isa = PBXFileReference;
			lastKnownFileType = file;
			name = "juce_data_structures";
			path = "/Users/jason/dev/JUCE/modules/juce_data_structures";
			sourceTree = "<absolute>";
		};
		C324E7F7C18161E613D9C598 = {
			isa = PBXFileReference;
			lastKnownFileType = file;
			name = "juce_gui_basics";
			path = "/Users/jason/dev/JUCE/modules/juce_gui_basics";
			sourceTree = "<absolute>";
		};
		C54346515B65AC517129EE80 = {
			isa = PBXFileReference;
			lastKnownFileType = wrapper.framework;
			name = AudioToolbox.framework;
			path = System/Library/Frameworks/AudioToolbox.framework;
			sourceTree = SDKROOT;
		};
		C815C197648E619181F5661D = {
			isa = PBXFileReference;
			lastKnownFileType = wrapper.framework;
			name = IOKit.framework;
			path = System/Library/Frameworks/IOKit.framework;
			sourceTree = SDKROOT;
		};
		CF22F2E58A41613B66018177 = {
			isa = PBXFileReference;
			lastKnownFileType = wrapper.framework;
			name = CoreAudioKit.framework;
			path = System/Library/Frameworks/CoreAudioKit.framework;
			sourceTree = SDKROOT;
		};
		D8E87D135D66C81D4CCAF0FA = {
			isa = PBXFileReference;
			lastKnownFileType = sourcecode.c.h;
			name = PluginEditor.h;
			path = ../../Source/PluginEditor.h;
			sourceTree = "SOURCE_ROOT";
		};
		D91FA02E02751D166E23B9A4 = {
			isa = PBXFileReference;
			lastKnownFileType = file;
			name = "juce_opengl";
			path = "/Users/jason/dev/JUCE/modules/juce_opengl";
			sourceTree = "<absolute>";
		};
		DA8ADA5B76BB1041C799A38B = {
			isa = PBXFileReference;
			lastKnownFileType = wrapper.framework;
			name = CoreAudio.framework;
			path = System/Library/Frameworks/CoreAudio.framework;
			sourceTree = SDKROOT;
		};
		DDA48BE7089ECEF7DF959103 = {
			isa = PBXFileReference;
			lastKnownFileType = wrapper.framework;
			name = AudioUnit.framework;
			path = System/Library/Frameworks/AudioUnit.framework;
			sourceTree = SDKROOT;
		};
		DF80754BA5EAD4A57AA6A4CC = {
			isa = PBXFileReference;
			lastKnownFileType = wrapper.framework;
			name = Carbon.framework;
			path = System/Library/Frameworks/Carbon.framework;
			sourceTree = SDKROOT;
		};
		E162A260F38D3BC084395227 = {
			isa = PBXFileReference;
			lastKnownFileType = sourcecode.cpp.cpp;
			name = "include_juce_audio_plugin_client_utils.cpp";
			path = "../../JuceLibraryCode/include_juce_audio_plugin_client_utils.cpp";
			sourceTree = "SOURCE_ROOT";
		};
		E2263EE166A0A3292B745003 = {
			isa = PBXFileReference;
			lastKnownFileType = sourcecode.cpp.objcpp;
			name = "include_juce_opengl.mm";
			path = "../../JuceLibraryCode/include_juce_opengl.mm";
			sourceTree = "SOURCE_ROOT";
		};
		E2313F34F5035E84DAA0DF4A = {
			isa = PBXFileReference;
			lastKnownFileType = sourcecode.cpp.objcpp;
			name = "include_juce_data_structures.mm";
			path = "../../JuceLibraryCode/include_juce_data_structures.mm";
			sourceTree = "SOURCE_ROOT";
		};
		E36B84622BC710702FF8D3F8 = {
			isa = PBXFileReference;
			explicitFileType = wrapper.application;
			includeInIndex = 0;
			path = "vst-chordical.app";
			sourceTree = "BUILT_PRODUCTS_DIR";
		};
		7650A94AA28118A2A9A2BED9 = {
			isa = PBXFileReference;
			explicitFileType = archive.ar;
			includeInIndex = 0;
			path = "libvst-chordical.a";
			sourceTree = "BUILT_PRODUCTS_DIR";
		};
		E600D3913E40772463BE9576 = {
			isa = PBXFileReference;
			lastKnownFileType = sourcecode.cpp.objcpp;
			name = "include_juce_audio_plugin_client_AU_1.mm";
			path = "../../JuceLibraryCode/include_juce_audio_plugin_client_AU_1.mm";
			sourceTree = "SOURCE_ROOT";
		};
		EB5F915172F04D49E18F27BA = {
			isa = PBXFileReference;
			lastKnownFileType = wrapper.framework;
			name = WebKit.framework;
			path = System/Library/Frameworks/WebKit.framework;
			sourceTree = SDKROOT;
		};
		EB7C69B36A7EDCABDECC52F9 = {
			isa = PBXFileReference;
			lastKnownFileType = file;
			name = "juce_audio_plugin_client";
			path = "/Users/jason/dev/JUCE/modules/juce_audio_plugin_client";
			sourceTree = "<absolute>";
		};
		F0F0EFB44C1DEE364F40C954 = {
			isa = PBXFileReference;
			lastKnownFileType = wrapper.framework;
			name = DiscRecording.framework;
			path = System/Library/Frameworks/DiscRecording.framework;
			sourceTree = SDKROOT;
		};
		DD0266ED727D8AECC463A4CC = {
			isa = PBXGroup;
			children = (
				22B07960A03725CFEB3E9553,
				5F6421DD6180963E4EF78389,
				1F0F2BE80A45AFE93EB3CE87,
				D8E87D135D66C81D4CCAF0FA,
			);
			name = Source;
			sourceTree = "<group>";
		};
		C4C2951F3313521F61900840 = {
			isa = PBXGroup;
			children = (
				DD0266ED727D8AECC463A4CC,
			);
			name = "vst-chordical";
			sourceTree = "<group>";
		};
		4ABF1B8ED71F3C29C6360B91 = {
			isa = PBXGroup;
			children = (
				4C296C86A6DFF223CEADB388,
				06E3F68AEDB2F80E024D481F,
				2FB01A9C63DBB0D61AB50B3F,
				EB7C69B36A7EDCABDECC52F9,
				5081668C31281601D2F1BAB2,
				5A16384B28B7A5D82E19AFCA,
				B2AD9E11EB4BDB40981C5F24,
				B13225B059DA8D3BB4F035CF,
				C09A84CCB9186A2295BF5A03,
				B4BFADB6087C192F2241C873,
				A2EE7CE9B3763D08A3B8886A,
				C324E7F7C18161E613D9C598,
				94ED4B58C9790F9B83997A55,
				D91FA02E02751D166E23B9A4,
			);
			name = "JUCE Modules";
			sourceTree = "<group>";
		};
		2296161A2C669B765C2B6637 = {
			isa = PBXGroup;
			children = (
				B2B1326CD4269354DE2D2B3A,
				A5ED80A0E6B780973D9A1E41,
				6668F9DC408A84EA6596BB06,
				69972386426A57B9059560B5,
				1B606BCD5E6E3C4ABF9ED2E8,
				E600D3913E40772463BE9576,
				3CD647707E9EBB5A54FD8F3E,
				0B4DFFC316D3EE980C26D1F9,
				E162A260F38D3BC084395227,
				9403713A9F13FF0C03F03CAA,
				3AF58C4B26C302255422CADD,
				009B0FC0067A44A35FD6ACA9,
				686D0DB980C009FDF612A545,
				5D7684D279E6933FB89EDE44,
				B18BC6DD7657E763BD95CEA0,
				E2313F34F5035E84DAA0DF4A,
				510FACDB222E186232656BBD,
				8D8BC10109500A002BAC8EFB,
				440CA707251B000AE0F5ECF0,
				8755473E71DF98C057A20C83,
				E2263EE166A0A3292B745003,
				629DA9EBB3C6B6CF851BFA87,
			);
			name = "JUCE Library Code";
			sourceTree = "<group>";
		};
		C0E545278869695CB4381717 = {
			isa = PBXGroup;
			children = (
				6AC00B2C5F54B828BE6E9EE4,
				6E6503F5606F94D9A9AE8C9F,
				B44B6901D32E48150737E8D8,
				4A20A1FB7FAAB062FB136E40,
			);
			name = Resources;
			sourceTree = "<group>";
		};
		FEF6B6F6146BB91A9E872EBE = {
			isa = PBXGroup;
			children = (
				DDA48BE7089ECEF7DF959103,
				5B1F752B7321CE429D18AD4C,
				C54346515B65AC517129EE80,
				DF80754BA5EAD4A57AA6A4CC,
				44029217385C3AAD6901681E,
				DA8ADA5B76BB1041C799A38B,
				CF22F2E58A41613B66018177,
				B1399822C802975CA72BCBBA,
				F0F0EFB44C1DEE364F40C954,
				C815C197648E619181F5661D,
				5306B91D09C5F8F8B352AE29,
				76A05722F24048953284EDD1,
				EB5F915172F04D49E18F27BA,
			);
			name = Frameworks;
			sourceTree = "<group>";
		};
		3E86D02FBC8259A7DF90F188 = {
			isa = PBXGroup;
			children = (
				A798BC4F9C19B88333C25A23,
				303910ABBCD8DFF9D9A34C82,
				E36B84622BC710702FF8D3F8,
				7650A94AA28118A2A9A2BED9,
			);
			name = Products;
			sourceTree = "<group>";
		};
		95FB1F75857679F65C796368 = {
			isa = PBXGroup;
			children = (
				C4C2951F3313521F61900840,
				4ABF1B8ED71F3C29C6360B91,
				2296161A2C669B765C2B6637,
				C0E545278869695CB4381717,
				FEF6B6F6146BB91A9E872EBE,
				3E86D02FBC8259A7DF90F188,
			);
			name = Source;
			sourceTree = "<group>";
		};
		E4092E03EE4FE284DA8347B1 = {
			isa = XCBuildConfiguration;
			buildSettings = {
				MACOSX_DEPLOYMENT_TARGET = 10.11;
				SDKROOT = macosx;
			};
			name = Debug;
		};
		1572F6A8EC58FEA978F00695 = {
			isa = XCBuildConfiguration;
			buildSettings = {
				MACOSX_DEPLOYMENT_TARGET = 10.11;
				SDKROOT = macosx;
			};
			name = Release;
		};
		7BEDC5A7D8770DF47B653331 = {
			isa = XCBuildConfiguration;
			buildSettings = {
				CLANG_CXX_LANGUAGE_STANDARD = "c++14";
				CLANG_CXX_LIBRARY = "libc++";
				CLANG_LINK_OBJC_RUNTIME = NO;
				CODE_SIGN_IDENTITY = "";
				COMBINE_HIDPI_IMAGES = YES;
				CONFIGURATION_BUILD_DIR = "$(PROJECT_DIR)/build/$(CONFIGURATION)";
				COPY_PHASE_STRIP = NO;
				DEPLOYMENT_LOCATION = YES;
				DSTROOT = /;
				GCC_DYNAMIC_NO_PIC = NO;
				GCC_OPTIMIZATION_LEVEL = 0;
				GCC_PREPROCESSOR_DEFINITIONS = (
					"_DEBUG=1",
					"DEBUG=1",
					"JUCER_XCODE_MAC_F6D2F4CF=1",
					"JUCE_APP_VERSION=1.0.0",
					"JUCE_APP_VERSION_HEX=0x10000",
					"JucePlugin_Build_VST=0",
					"JucePlugin_Build_VST3=1",
					"JucePlugin_Build_AU=0",
					"JucePlugin_Build_AUv3=0",
					"JucePlugin_Build_RTAS=0",
					"JucePlugin_Build_AAX=0",
					"JucePlugin_Build_Standalone=0",
					"JucePlugin_Build_Unity=0",
				);
				GCC_VERSION = com.apple.compilers.llvm.clang.1_0;
				GENERATE_PKGINFO_FILE = YES;
				HEADER_SEARCH_PATHS = (
					"/Users/jason/dev/JUCE/modules/juce_audio_processors/format_types/VST3_SDK",
					"../../JuceLibraryCode",
					"/Users/jason/dev/JUCE/modules",
					"/Users/jason/dev/JUCE/modules/juce_audio_plugin_client",
					"$(inherited)",
				);
				INFOPLIST_FILE = Info-VST3.plist;
				INFOPLIST_PREPROCESS = NO;
				INSTALL_PATH = "$(HOME)/Library/Audio/Plug-Ins/VST3/";
				LIBRARY_STYLE = Bundle;
				MACOSX_DEPLOYMENT_TARGET = 10.11;
				OTHER_LDFLAGS = "-bundle -lvst-chordical";
				PRODUCT_BUNDLE_IDENTIFIER = com.yourcompany.vstchordical;
				PRODUCT_NAME = "vst-chordical";
				USE_HEADERMAP = NO;
				WRAPPER_EXTENSION = vst3;
			};
			name = Debug;
		};
		DDCB3862C0FF1A3F144D3A58 = {
			isa = XCBuildConfiguration;
			buildSettings = {
				CLANG_CXX_LANGUAGE_STANDARD = "c++14";
				CLANG_CXX_LIBRARY = "libc++";
				CLANG_LINK_OBJC_RUNTIME = NO;
				CODE_SIGN_IDENTITY = "";
				COMBINE_HIDPI_IMAGES = YES;
				CONFIGURATION_BUILD_DIR = "$(PROJECT_DIR)/build/$(CONFIGURATION)";
				DEAD_CODE_STRIPPING = YES;
				DEPLOYMENT_LOCATION = YES;
				DSTROOT = /;
				GCC_GENERATE_DEBUGGING_SYMBOLS = NO;
				GCC_OPTIMIZATION_LEVEL = 3;
				GCC_PREPROCESSOR_DEFINITIONS = (
					"_NDEBUG=1",
					"NDEBUG=1",
					"JUCER_XCODE_MAC_F6D2F4CF=1",
					"JUCE_APP_VERSION=1.0.0",
					"JUCE_APP_VERSION_HEX=0x10000",
					"JucePlugin_Build_VST=0",
					"JucePlugin_Build_VST3=1",
					"JucePlugin_Build_AU=0",
					"JucePlugin_Build_AUv3=0",
					"JucePlugin_Build_RTAS=0",
					"JucePlugin_Build_AAX=0",
					"JucePlugin_Build_Standalone=0",
					"JucePlugin_Build_Unity=0",
				);
				GCC_SYMBOLS_PRIVATE_EXTERN = YES;
				GCC_VERSION = com.apple.compilers.llvm.clang.1_0;
				GENERATE_PKGINFO_FILE = YES;
				HEADER_SEARCH_PATHS = (
					"/Users/jason/dev/JUCE/modules/juce_audio_processors/format_types/VST3_SDK",
					"../../JuceLibraryCode",
					"/Users/jason/dev/JUCE/modules",
					"/Users/jason/dev/JUCE/modules/juce_audio_plugin_client",
					"$(inherited)",
				);
				INFOPLIST_FILE = Info-VST3.plist;
				INFOPLIST_PREPROCESS = NO;
				INSTALL_PATH = "$(HOME)/Library/Audio/Plug-Ins/VST3/";
				LIBRARY_STYLE = Bundle;
				LLVM_LTO = YES;
				MACOSX_DEPLOYMENT_TARGET = 10.11;
				OTHER_LDFLAGS = "-bundle -lvst-chordical";
				PRODUCT_BUNDLE_IDENTIFIER = com.yourcompany.vstchordical;
				PRODUCT_NAME = "vst-chordical";
				USE_HEADERMAP = NO;
				WRAPPER_EXTENSION = vst3;
			};
			name = Release;
		};
		014021949D2DD8DAC2442CBF = {
			isa = XCBuildConfiguration;
			buildSettings = {
				CLANG_CXX_LANGUAGE_STANDARD = "c++14";
				CLANG_CXX_LIBRARY = "libc++";
				CLANG_LINK_OBJC_RUNTIME = NO;
				CODE_SIGN_IDENTITY = "";
				COMBINE_HIDPI_IMAGES = YES;
				CONFIGURATION_BUILD_DIR = "$(PROJECT_DIR)/build/$(CONFIGURATION)";
				COPY_PHASE_STRIP = NO;
				DEPLOYMENT_LOCATION = YES;
				DSTROOT = /;
				GCC_DYNAMIC_NO_PIC = NO;
				GCC_OPTIMIZATION_LEVEL = 0;
				GCC_PREPROCESSOR_DEFINITIONS = (
					"_DEBUG=1",
					"DEBUG=1",
					"JUCER_XCODE_MAC_F6D2F4CF=1",
					"JUCE_APP_VERSION=1.0.0",
					"JUCE_APP_VERSION_HEX=0x10000",
					"JucePlugin_Build_VST=0",
					"JucePlugin_Build_VST3=0",
					"JucePlugin_Build_AU=1",
					"JucePlugin_Build_AUv3=0",
					"JucePlugin_Build_RTAS=0",
					"JucePlugin_Build_AAX=0",
					"JucePlugin_Build_Standalone=0",
					"JucePlugin_Build_Unity=0",
				);
				GCC_VERSION = com.apple.compilers.llvm.clang.1_0;
				GENERATE_PKGINFO_FILE = YES;
				HEADER_SEARCH_PATHS = (
					"/Users/jason/dev/JUCE/modules/juce_audio_processors/format_types/VST3_SDK",
					"../../JuceLibraryCode",
					"/Users/jason/dev/JUCE/modules",
					"/Users/jason/dev/JUCE/modules/juce_audio_plugin_client",
					"$(inherited)",
				);
				INFOPLIST_FILE = Info-AU.plist;
				INFOPLIST_PREPROCESS = NO;
				INSTALL_PATH = "$(HOME)/Library/Audio/Plug-Ins/Components/";
				LIBRARY_STYLE = Bundle;
				MACOSX_DEPLOYMENT_TARGET = 10.11;
				OTHER_LDFLAGS = "-bundle -lvst-chordical";
				OTHER_REZFLAGS = "-d ppc_$ppc -d i386_$i386 -d ppc64_$ppc64 -d x86_64_$x86_64 -I /System/Library/Frameworks/CoreServices.framework/Frameworks/CarbonCore.framework/Versions/A/Headers -I \"$(DEVELOPER_DIR)/Extras/CoreAudio/AudioUnits/AUPublic/AUBase\" -I \"$(DEVELOPER_DIR)/Platforms/MacOSX.platform/Developer/SDKs/MacOSX.sdk/System/Library/Frameworks/AudioUnit.framework/Headers\"";
				PRODUCT_BUNDLE_IDENTIFIER = com.yourcompany.vstchordical;
				PRODUCT_NAME = "vst-chordical";
				USE_HEADERMAP = NO;
				WRAPPER_EXTENSION = component;
			};
			name = Debug;
		};
		AF764637DA371BB1C26AA4E6 = {
			isa = XCBuildConfiguration;
			buildSettings = {
				CLANG_CXX_LANGUAGE_STANDARD = "c++14";
				CLANG_CXX_LIBRARY = "libc++";
				CLANG_LINK_OBJC_RUNTIME = NO;
				CODE_SIGN_IDENTITY = "";
				COMBINE_HIDPI_IMAGES = YES;
				CONFIGURATION_BUILD_DIR = "$(PROJECT_DIR)/build/$(CONFIGURATION)";
				DEAD_CODE_STRIPPING = YES;
				DEPLOYMENT_LOCATION = YES;
				DSTROOT = /;
				GCC_GENERATE_DEBUGGING_SYMBOLS = NO;
				GCC_OPTIMIZATION_LEVEL = 3;
				GCC_PREPROCESSOR_DEFINITIONS = (
					"_NDEBUG=1",
					"NDEBUG=1",
					"JUCER_XCODE_MAC_F6D2F4CF=1",
					"JUCE_APP_VERSION=1.0.0",
					"JUCE_APP_VERSION_HEX=0x10000",
					"JucePlugin_Build_VST=0",
					"JucePlugin_Build_VST3=0",
					"JucePlugin_Build_AU=1",
					"JucePlugin_Build_AUv3=0",
					"JucePlugin_Build_RTAS=0",
					"JucePlugin_Build_AAX=0",
					"JucePlugin_Build_Standalone=0",
					"JucePlugin_Build_Unity=0",
				);
				GCC_SYMBOLS_PRIVATE_EXTERN = YES;
				GCC_VERSION = com.apple.compilers.llvm.clang.1_0;
				GENERATE_PKGINFO_FILE = YES;
				HEADER_SEARCH_PATHS = (
					"/Users/jason/dev/JUCE/modules/juce_audio_processors/format_types/VST3_SDK",
					"../../JuceLibraryCode",
					"/Users/jason/dev/JUCE/modules",
					"/Users/jason/dev/JUCE/modules/juce_audio_plugin_client",
					"$(inherited)",
				);
				INFOPLIST_FILE = Info-AU.plist;
				INFOPLIST_PREPROCESS = NO;
				INSTALL_PATH = "$(HOME)/Library/Audio/Plug-Ins/Components/";
				LIBRARY_STYLE = Bundle;
				LLVM_LTO = YES;
				MACOSX_DEPLOYMENT_TARGET = 10.11;
				OTHER_LDFLAGS = "-bundle -lvst-chordical";
				OTHER_REZFLAGS = "-d ppc_$ppc -d i386_$i386 -d ppc64_$ppc64 -d x86_64_$x86_64 -I /System/Library/Frameworks/CoreServices.framework/Frameworks/CarbonCore.framework/Versions/A/Headers -I \"$(DEVELOPER_DIR)/Extras/CoreAudio/AudioUnits/AUPublic/AUBase\" -I \"$(DEVELOPER_DIR)/Platforms/MacOSX.platform/Developer/SDKs/MacOSX.sdk/System/Library/Frameworks/AudioUnit.framework/Headers\"";
				PRODUCT_BUNDLE_IDENTIFIER = com.yourcompany.vstchordical;
				PRODUCT_NAME = "vst-chordical";
				USE_HEADERMAP = NO;
				WRAPPER_EXTENSION = component;
			};
			name = Release;
		};
		7307B222F8BB5797D1380CCE = {
			isa = XCBuildConfiguration;
			buildSettings = {
				CLANG_CXX_LANGUAGE_STANDARD = "c++14";
				CLANG_CXX_LIBRARY = "libc++";
				CLANG_LINK_OBJC_RUNTIME = NO;
				CODE_SIGN_IDENTITY = "";
				COMBINE_HIDPI_IMAGES = YES;
				CONFIGURATION_BUILD_DIR = "$(PROJECT_DIR)/build/$(CONFIGURATION)";
				COPY_PHASE_STRIP = NO;
				GCC_DYNAMIC_NO_PIC = NO;
				GCC_OPTIMIZATION_LEVEL = 0;
				GCC_PREPROCESSOR_DEFINITIONS = (
					"_DEBUG=1",
					"DEBUG=1",
					"JUCER_XCODE_MAC_F6D2F4CF=1",
					"JUCE_APP_VERSION=1.0.0",
					"JUCE_APP_VERSION_HEX=0x10000",
					"JucePlugin_Build_VST=0",
					"JucePlugin_Build_VST3=0",
					"JucePlugin_Build_AU=0",
					"JucePlugin_Build_AUv3=0",
					"JucePlugin_Build_RTAS=0",
					"JucePlugin_Build_AAX=0",
					"JucePlugin_Build_Standalone=1",
					"JucePlugin_Build_Unity=0",
				);
				GCC_VERSION = com.apple.compilers.llvm.clang.1_0;
				HEADER_SEARCH_PATHS = (
					"/Users/jason/dev/JUCE/modules/juce_audio_processors/format_types/VST3_SDK",
					"../../JuceLibraryCode",
					"/Users/jason/dev/JUCE/modules",
					"/Users/jason/dev/JUCE/modules/juce_audio_plugin_client",
					"$(inherited)",
				);
				INFOPLIST_FILE = Info-Standalone_Plugin.plist;
				INFOPLIST_PREPROCESS = NO;
				MACOSX_DEPLOYMENT_TARGET = 10.11;
				OTHER_LDFLAGS = "-lvst-chordical";
				PRODUCT_BUNDLE_IDENTIFIER = com.yourcompany.vstchordical;
				PRODUCT_NAME = "vst-chordical";
				USE_HEADERMAP = NO;
			};
			name = Debug;
		};
		2BB4978A5EF56A3FAC52CE11 = {
			isa = XCBuildConfiguration;
			buildSettings = {
				CLANG_CXX_LANGUAGE_STANDARD = "c++14";
				CLANG_CXX_LIBRARY = "libc++";
				CLANG_LINK_OBJC_RUNTIME = NO;
				CODE_SIGN_IDENTITY = "";
				COMBINE_HIDPI_IMAGES = YES;
				CONFIGURATION_BUILD_DIR = "$(PROJECT_DIR)/build/$(CONFIGURATION)";
				DEAD_CODE_STRIPPING = YES;
				GCC_GENERATE_DEBUGGING_SYMBOLS = NO;
				GCC_OPTIMIZATION_LEVEL = 3;
				GCC_PREPROCESSOR_DEFINITIONS = (
					"_NDEBUG=1",
					"NDEBUG=1",
					"JUCER_XCODE_MAC_F6D2F4CF=1",
					"JUCE_APP_VERSION=1.0.0",
					"JUCE_APP_VERSION_HEX=0x10000",
					"JucePlugin_Build_VST=0",
					"JucePlugin_Build_VST3=0",
					"JucePlugin_Build_AU=0",
					"JucePlugin_Build_AUv3=0",
					"JucePlugin_Build_RTAS=0",
					"JucePlugin_Build_AAX=0",
					"JucePlugin_Build_Standalone=1",
					"JucePlugin_Build_Unity=0",
				);
				GCC_SYMBOLS_PRIVATE_EXTERN = YES;
				GCC_VERSION = com.apple.compilers.llvm.clang.1_0;
				HEADER_SEARCH_PATHS = (
					"/Users/jason/dev/JUCE/modules/juce_audio_processors/format_types/VST3_SDK",
					"../../JuceLibraryCode",
					"/Users/jason/dev/JUCE/modules",
					"/Users/jason/dev/JUCE/modules/juce_audio_plugin_client",
					"$(inherited)",
				);
				INFOPLIST_FILE = Info-Standalone_Plugin.plist;
				INFOPLIST_PREPROCESS = NO;
				LLVM_LTO = YES;
				MACOSX_DEPLOYMENT_TARGET = 10.11;
				OTHER_LDFLAGS = "-lvst-chordical";
				PRODUCT_BUNDLE_IDENTIFIER = com.yourcompany.vstchordical;
				PRODUCT_NAME = "vst-chordical";
				USE_HEADERMAP = NO;
			};
			name = Release;
		};
		6E77E13615F4EA18A9381BAC = {
			isa = XCBuildConfiguration;
			buildSettings = {
				CLANG_CXX_LANGUAGE_STANDARD = "c++14";
				CLANG_CXX_LIBRARY = "libc++";
				CLANG_LINK_OBJC_RUNTIME = NO;
				CODE_SIGN_IDENTITY = "";
				COMBINE_HIDPI_IMAGES = YES;
				CONFIGURATION_BUILD_DIR = "$(PROJECT_DIR)/build/$(CONFIGURATION)";
				COPY_PHASE_STRIP = NO;
				GCC_DYNAMIC_NO_PIC = NO;
				GCC_OPTIMIZATION_LEVEL = 0;
				GCC_PREPROCESSOR_DEFINITIONS = (
					"_DEBUG=1",
					"DEBUG=1",
					"JUCER_XCODE_MAC_F6D2F4CF=1",
					"JUCE_APP_VERSION=1.0.0",
					"JUCE_APP_VERSION_HEX=0x10000",
					"JucePlugin_Build_VST=0",
					"JucePlugin_Build_VST3=1",
					"JucePlugin_Build_AU=1",
					"JucePlugin_Build_AUv3=0",
					"JucePlugin_Build_RTAS=0",
					"JucePlugin_Build_AAX=0",
					"JucePlugin_Build_Standalone=1",
					"JucePlugin_Build_Unity=0",
					"JUCE_SHARED_CODE=1",
				);
				GCC_VERSION = com.apple.compilers.llvm.clang.1_0;
				HEADER_SEARCH_PATHS = (
					"/Users/jason/dev/JUCE/modules/juce_audio_processors/format_types/VST3_SDK",
					"../../JuceLibraryCode",
					"/Users/jason/dev/JUCE/modules",
					"/Users/jason/dev/JUCE/modules/juce_audio_plugin_client",
					"$(inherited)",
				);
				INSTALL_PATH = "@executable_path/../Frameworks";
				MACOSX_DEPLOYMENT_TARGET = 10.11;
				PRODUCT_BUNDLE_IDENTIFIER = com.yourcompany.vstchordical;
				PRODUCT_NAME = "vst-chordical";
				SKIP_INSTALL = YES;
				USE_HEADERMAP = NO;
			};
			name = Debug;
		};
		89B2AEC8648C86B647DC1CAD = {
			isa = XCBuildConfiguration;
			buildSettings = {
				CLANG_CXX_LANGUAGE_STANDARD = "c++14";
				CLANG_CXX_LIBRARY = "libc++";
				CLANG_LINK_OBJC_RUNTIME = NO;
				CODE_SIGN_IDENTITY = "";
				COMBINE_HIDPI_IMAGES = YES;
				CONFIGURATION_BUILD_DIR = "$(PROJECT_DIR)/build/$(CONFIGURATION)";
				DEAD_CODE_STRIPPING = YES;
				GCC_GENERATE_DEBUGGING_SYMBOLS = NO;
				GCC_OPTIMIZATION_LEVEL = 3;
				GCC_PREPROCESSOR_DEFINITIONS = (
					"_NDEBUG=1",
					"NDEBUG=1",
					"JUCER_XCODE_MAC_F6D2F4CF=1",
					"JUCE_APP_VERSION=1.0.0",
					"JUCE_APP_VERSION_HEX=0x10000",
					"JucePlugin_Build_VST=0",
					"JucePlugin_Build_VST3=1",
					"JucePlugin_Build_AU=1",
					"JucePlugin_Build_AUv3=0",
					"JucePlugin_Build_RTAS=0",
					"JucePlugin_Build_AAX=0",
					"JucePlugin_Build_Standalone=1",
					"JucePlugin_Build_Unity=0",
					"JUCE_SHARED_CODE=1",
				);
				GCC_SYMBOLS_PRIVATE_EXTERN = YES;
				GCC_VERSION = com.apple.compilers.llvm.clang.1_0;
				HEADER_SEARCH_PATHS = (
					"/Users/jason/dev/JUCE/modules/juce_audio_processors/format_types/VST3_SDK",
					"../../JuceLibraryCode",
					"/Users/jason/dev/JUCE/modules",
					"/Users/jason/dev/JUCE/modules/juce_audio_plugin_client",
					"$(inherited)",
				);
				INSTALL_PATH = "@executable_path/../Frameworks";
				LLVM_LTO = YES;
				MACOSX_DEPLOYMENT_TARGET = 10.11;
				PRODUCT_BUNDLE_IDENTIFIER = com.yourcompany.vstchordical;
				PRODUCT_NAME = "vst-chordical";
				SKIP_INSTALL = YES;
				USE_HEADERMAP = NO;
			};
			name = Release;
		};
		EA5777D501E10E07A930AAD3 = {
			isa = XCBuildConfiguration;
			buildSettings = {
				ALWAYS_SEARCH_USER_PATHS = NO;
				CLANG_ENABLE_OBJC_WEAK = YES;
				CLANG_WARN_BLOCK_CAPTURE_AUTORELEASING = YES;
				CLANG_WARN_BOOL_CONVERSION = YES;
				CLANG_WARN_COMMA = YES;
				CLANG_WARN_CONSTANT_CONVERSION = YES;
				CLANG_WARN_DEPRECATED_OBJC_IMPLEMENTATIONS = YES;
				CLANG_WARN_EMPTY_BODY = YES;
				CLANG_WARN_ENUM_CONVERSION = YES;
				CLANG_WARN_INFINITE_RECURSION = YES;
				CLANG_WARN_INT_CONVERSION = YES;
				CLANG_WARN_NON_LITERAL_NULL_CONVERSION = YES;
				CLANG_WARN_OBJC_IMPLICIT_RETAIN_SELF = YES;
				CLANG_WARN_OBJC_LITERAL_CONVERSION = YES;
				CLANG_WARN_RANGE_LOOP_ANALYSIS = YES;
				CLANG_WARN_STRICT_PROTOTYPES = YES;
				CLANG_WARN_SUSPICIOUS_MOVE = YES;
				CLANG_WARN_UNREACHABLE_CODE = YES;
				CLANG_WARN__DUPLICATE_METHOD_MATCH = YES;
				CODE_SIGN_IDENTITY = "";
				DEBUG_INFORMATION_FORMAT = dwarf;
				ENABLE_STRICT_OBJC_MSGSEND = YES;
				ENABLE_TESTABILITY = YES;
				GCC_C_LANGUAGE_STANDARD = c11;
				GCC_INLINES_ARE_PRIVATE_EXTERN = YES;
				GCC_MODEL_TUNING = G5;
				GCC_NO_COMMON_BLOCKS = YES;
				GCC_WARN_64_TO_32_BIT_CONVERSION = YES;
				GCC_WARN_ABOUT_RETURN_TYPE = YES;
				GCC_WARN_CHECK_SWITCH_STATEMENTS = YES;
				GCC_WARN_MISSING_PARENTHESES = YES;
				GCC_WARN_NON_VIRTUAL_DESTRUCTOR = YES;
				GCC_WARN_TYPECHECK_CALLS_TO_PRINTF = YES;
				GCC_WARN_UNDECLARED_SELECTOR = YES;
				GCC_WARN_UNINITIALIZED_AUTOS = YES;
				GCC_WARN_UNUSED_FUNCTION = YES;
				GCC_WARN_UNUSED_VARIABLE = YES;
				ONLY_ACTIVE_ARCH = YES;
				PRODUCT_NAME = "vst-chordical";
				SDKROOT = macosx;
				WARNING_CFLAGS = "-Wreorder";
				ZERO_LINK = NO;
			};
			name = Debug;
		};
		0A3B19858FFC5C62D38AB94D = {
			isa = XCBuildConfiguration;
			buildSettings = {
				ALWAYS_SEARCH_USER_PATHS = NO;
				CLANG_ENABLE_OBJC_WEAK = YES;
				CLANG_WARN_BLOCK_CAPTURE_AUTORELEASING = YES;
				CLANG_WARN_BOOL_CONVERSION = YES;
				CLANG_WARN_COMMA = YES;
				CLANG_WARN_CONSTANT_CONVERSION = YES;
				CLANG_WARN_DEPRECATED_OBJC_IMPLEMENTATIONS = YES;
				CLANG_WARN_EMPTY_BODY = YES;
				CLANG_WARN_ENUM_CONVERSION = YES;
				CLANG_WARN_INFINITE_RECURSION = YES;
				CLANG_WARN_INT_CONVERSION = YES;
				CLANG_WARN_NON_LITERAL_NULL_CONVERSION = YES;
				CLANG_WARN_OBJC_IMPLICIT_RETAIN_SELF = YES;
				CLANG_WARN_OBJC_LITERAL_CONVERSION = YES;
				CLANG_WARN_RANGE_LOOP_ANALYSIS = YES;
				CLANG_WARN_STRICT_PROTOTYPES = YES;
				CLANG_WARN_SUSPICIOUS_MOVE = YES;
				CLANG_WARN_UNREACHABLE_CODE = YES;
				CLANG_WARN__DUPLICATE_METHOD_MATCH = YES;
				CODE_SIGN_IDENTITY = "";
				DEBUG_INFORMATION_FORMAT = dwarf;
				ENABLE_STRICT_OBJC_MSGSEND = YES;
				GCC_C_LANGUAGE_STANDARD = c11;
				GCC_INLINES_ARE_PRIVATE_EXTERN = YES;
				GCC_MODEL_TUNING = G5;
				GCC_NO_COMMON_BLOCKS = YES;
				GCC_WARN_64_TO_32_BIT_CONVERSION = YES;
				GCC_WARN_ABOUT_RETURN_TYPE = YES;
				GCC_WARN_CHECK_SWITCH_STATEMENTS = YES;
				GCC_WARN_MISSING_PARENTHESES = YES;
				GCC_WARN_NON_VIRTUAL_DESTRUCTOR = YES;
				GCC_WARN_TYPECHECK_CALLS_TO_PRINTF = YES;
				GCC_WARN_UNDECLARED_SELECTOR = YES;
				GCC_WARN_UNINITIALIZED_AUTOS = YES;
				GCC_WARN_UNUSED_FUNCTION = YES;
				GCC_WARN_UNUSED_VARIABLE = YES;
				PRODUCT_NAME = "vst-chordical";
				SDKROOT = macosx;
				WARNING_CFLAGS = "-Wreorder";
				ZERO_LINK = NO;
			};
			name = Release;
		};
		3975B639DE79760081BE1E9F = {
			isa = PBXTargetDependency;
			target = CAD98F0AA08BBB639D84FFFA;
		};
		58449A88291CCB0DCE247D5D = {
			isa = PBXTargetDependency;
			target = 5C2DE4FB267BEF2E53204A88;
		};
		4E820FB65CE2ADD3AE1B2E1D = {
			isa = PBXTargetDependency;
			target = 7E68819B7002E8CE427AD098;
		};
		1A73357C1A17AE4080F47272 = {
			isa = PBXTargetDependency;
			target = 544C5A6F37883369B4B9A446;
		};
		19DB237ABB472B3680014AA6 = {
			isa = XCConfigurationList;
			buildConfigurations = (
				EA5777D501E10E07A930AAD3,
				0A3B19858FFC5C62D38AB94D,
			);
			defaultConfigurationIsVisible = 0;
			defaultConfigurationName = Debug;
		};
		B404EE6AD5ED7560227C161D = {
			isa = XCConfigurationList;
			buildConfigurations = (
				E4092E03EE4FE284DA8347B1,
				1572F6A8EC58FEA978F00695,
			);
			defaultConfigurationIsVisible = 0;
			defaultConfigurationName = Debug;
		};
		A2B44FD8D14F183BA9284AD6 = {
			isa = PBXAggregateTarget;
			buildConfigurationList = B404EE6AD5ED7560227C161D;
			buildPhases = ( );
			buildRules = ( );
			dependencies = (
				3975B639DE79760081BE1E9F,
				58449A88291CCB0DCE247D5D,
				4E820FB65CE2ADD3AE1B2E1D,
				1A73357C1A17AE4080F47272,
			);
			name = "vst-chordical - All";
			productName = "vst-chordical";
		};
		F895044C9F55352BD927611D = {
			isa = XCConfigurationList;
			buildConfigurations = (
				7BEDC5A7D8770DF47B653331,
				DDCB3862C0FF1A3F144D3A58,
			);
			defaultConfigurationIsVisible = 0;
			defaultConfigurationName = Debug;
		};
		EEF24109134E86BB65C2AFDA = {
			isa = PBXResourcesBuildPhase;
			buildActionMask = 2147483647;
			files = (
				8F1E94DFB22CCDC02053E2FC,
			);
			runOnlyForDeploymentPostprocessing = 0;
		};
		F2A90883003FF8AE1A6ED033 = {
			isa = PBXSourcesBuildPhase;
			buildActionMask = 2147483647;
			files = (
				D0CE63CE6462B16275FECFCD,
			);
			runOnlyForDeploymentPostprocessing = 0;
		};
		2DD2BF06FAA2D09923CF9E93 = {
			isa = PBXFrameworksBuildPhase;
			buildActionMask = 2147483647;
			files = (
				4B575CC0C8154008698FF0DE,
				226C2D340727DC10097C40B5,
				10B4AE9D8BBB5AAC437F6F3F,
				8B7BE73C8C2FFE2AB585A460,
				DDB1BF0A9F32058449249C06,
				C4D7E4E0E901EA9430DF5E15,
				00B8013F8FA301E0AF2FDCFE,
				0CC86DD2A8A039321F8F7425,
				06EB489E7B1928F2D3186E8B,
				877A1FE871559FA728F1BA69,
				27F9CD71FBC77112712BBC49,
				CF319FA0EE3A47D3AB5FC718,
			);
			runOnlyForDeploymentPostprocessing = 0;
		};
		CAD98F0AA08BBB639D84FFFA = {
			isa = PBXNativeTarget;
			buildConfigurationList = F895044C9F55352BD927611D;
			buildPhases = (
				EEF24109134E86BB65C2AFDA,
				F2A90883003FF8AE1A6ED033,
				2DD2BF06FAA2D09923CF9E93,
			);
			buildRules = ( );
			dependencies = (
				1A73357C1A17AE4080F47272,
			);
			name = "vst-chordical - VST3";
			productName = "vst-chordical";
			productReference = A798BC4F9C19B88333C25A23;
			productType = "com.apple.product-type.bundle";
		};
		9ECBB8E71FB64159F2D05314 = {
			isa = XCConfigurationList;
			buildConfigurations = (
				014021949D2DD8DAC2442CBF,
				AF764637DA371BB1C26AA4E6,
			);
			defaultConfigurationIsVisible = 0;
			defaultConfigurationName = Debug;
		};
		273C14E789EAB99BA7459DD8 = {
			isa = PBXResourcesBuildPhase;
			buildActionMask = 2147483647;
			files = (
				8F1E94DFB22CCDC02053E2FC,
			);
			runOnlyForDeploymentPostprocessing = 0;
		};
		7AA5AF1AB6C76C56DDF18DFA = {
			isa = PBXRezBuildPhase;
			buildActionMask = 2147483647;
			files = (
				B7DBDDE2DDA5E2E6B6482721,
			);
			runOnlyForDeploymentPostprocessing = 0;
		};
		A5119DF076A753BDCFFD7939 = {
			isa = PBXSourcesBuildPhase;
			buildActionMask = 2147483647;
			files = (
				EB3883BF545B324C3EA8DC62,
				131B965C8AE261B882BAFE0C,
			);
			runOnlyForDeploymentPostprocessing = 0;
		};
		5B0E7E5762FF769A94EA5E4C = {
			isa = PBXFrameworksBuildPhase;
			buildActionMask = 2147483647;
			files = (
				52579A843696D82663EDD91B,
				4B575CC0C8154008698FF0DE,
				226C2D340727DC10097C40B5,
				10B4AE9D8BBB5AAC437F6F3F,
				8B7BE73C8C2FFE2AB585A460,
				DDB1BF0A9F32058449249C06,
				C4D7E4E0E901EA9430DF5E15,
				00B8013F8FA301E0AF2FDCFE,
				0CC86DD2A8A039321F8F7425,
				06EB489E7B1928F2D3186E8B,
				877A1FE871559FA728F1BA69,
				27F9CD71FBC77112712BBC49,
				CF319FA0EE3A47D3AB5FC718,
			);
			runOnlyForDeploymentPostprocessing = 0;
		};
		5C2DE4FB267BEF2E53204A88 = {
			isa = PBXNativeTarget;
			buildConfigurationList = 9ECBB8E71FB64159F2D05314;
			buildPhases = (
				273C14E789EAB99BA7459DD8,
				7AA5AF1AB6C76C56DDF18DFA,
				A5119DF076A753BDCFFD7939,
				5B0E7E5762FF769A94EA5E4C,
			);
			buildRules = ( );
			dependencies = (
				1A73357C1A17AE4080F47272,
			);
			name = "vst-chordical - AU";
			productName = "vst-chordical";
			productReference = 303910ABBCD8DFF9D9A34C82;
			productType = "com.apple.product-type.bundle";
		};
		F77621F5AEE3D77A873B9EDA = {
			isa = XCConfigurationList;
			buildConfigurations = (
				7307B222F8BB5797D1380CCE,
				2BB4978A5EF56A3FAC52CE11,
			);
			defaultConfigurationIsVisible = 0;
			defaultConfigurationName = Debug;
		};
		A91DC3965E63ED561F34641F = {
			isa = PBXResourcesBuildPhase;
			buildActionMask = 2147483647;
			files = (
				8F1E94DFB22CCDC02053E2FC,
			);
			runOnlyForDeploymentPostprocessing = 0;
		};
		998DFFCAAB884A212D52A333 = {
			isa = PBXSourcesBuildPhase;
			buildActionMask = 2147483647;
			files = (
				3DA13A37F18657AA3F4565BD,
			);
			runOnlyForDeploymentPostprocessing = 0;
		};
		E129F326A16053F61F99C83A = {
			isa = PBXFrameworksBuildPhase;
			buildActionMask = 2147483647;
			files = (
				4B575CC0C8154008698FF0DE,
				226C2D340727DC10097C40B5,
				10B4AE9D8BBB5AAC437F6F3F,
				8B7BE73C8C2FFE2AB585A460,
				DDB1BF0A9F32058449249C06,
				C4D7E4E0E901EA9430DF5E15,
				00B8013F8FA301E0AF2FDCFE,
				0CC86DD2A8A039321F8F7425,
				06EB489E7B1928F2D3186E8B,
				877A1FE871559FA728F1BA69,
				27F9CD71FBC77112712BBC49,
				CF319FA0EE3A47D3AB5FC718,
			);
			runOnlyForDeploymentPostprocessing = 0;
		};
		7E68819B7002E8CE427AD098 = {
			isa = PBXNativeTarget;
			buildConfigurationList = F77621F5AEE3D77A873B9EDA;
			buildPhases = (
				A91DC3965E63ED561F34641F,
				998DFFCAAB884A212D52A333,
				E129F326A16053F61F99C83A,
			);
			buildRules = ( );
			dependencies = (
				1A73357C1A17AE4080F47272,
			);
			name = "vst-chordical - Standalone Plugin";
			productName = "vst-chordical";
			productReference = E36B84622BC710702FF8D3F8;
			productType = "com.apple.product-type.application";
		};
		472BF8198E75BBF5FAF26E8D = {
			isa = XCConfigurationList;
			buildConfigurations = (
				6E77E13615F4EA18A9381BAC,
				89B2AEC8648C86B647DC1CAD,
			);
			defaultConfigurationIsVisible = 0;
			defaultConfigurationName = Debug;
		};
		0261B4F5EA518705322CCB06 = {
			isa = PBXSourcesBuildPhase;
			buildActionMask = 2147483647;
			files = (
				5947117DE40E54247DFE1B9C,
				498E8E8127A9ABC805E5921C,
				0F0C3AACE9461F6FBE19E3F3,
				54F6C6B779DB5A2B95F43FDC,
				2864D5EA0DAA5C432B9FDCEC,
				CE85ECB1AB6E0F2E03DBF3A4,
				EBCDC173B0AA02C558B8C58D,
				136B00769E315BC1B90E2809,
				1E731E45814B6956F183DBCC,
				AE30BD7C068EAF0864B0B2B6,
				47B71CCB7E65B47D3F5E424A,
				3A590F8766160D0FF13DF8E6,
				770F8B3973D06C41EB0226D2,
				A49E8AB62D2742230987C683,
				88EFBA370E510B61102A736A,
				6E0F30C9EF2965B2851BCE36,
				AB00BFB2AF97A61D8D1FCF3C,
			);
			runOnlyForDeploymentPostprocessing = 0;
		};
		544C5A6F37883369B4B9A446 = {
			isa = PBXNativeTarget;
			buildConfigurationList = 472BF8198E75BBF5FAF26E8D;
			buildPhases = (
				0261B4F5EA518705322CCB06,
			);
			buildRules = ( );
			dependencies = ( );
			name = "vst-chordical - Shared Code";
			productName = "vst-chordical";
			productReference = 7650A94AA28118A2A9A2BED9;
			productType = "com.apple.product-type.library.static";
		};
		CE09B9467485CED5853A279C = {
			isa = PBXProject;
			buildConfigurationList = 19DB237ABB472B3680014AA6;
			attributes = { LastUpgradeCheck = 1100; ORGANIZATIONNAME = ""; TargetAttributes = { A2B44FD8D14F183BA9284AD6 = { SystemCapabilities = {com.apple.ApplicationGroups.iOS = { enabled = 0; }; com.apple.InAppPurchase = { enabled = 0; }; com.apple.InterAppAudio = { enabled = 0; }; com.apple.Push = { enabled = 0; }; com.apple.Sandbox = { enabled = 0; }; com.apple.HardenedRuntime = { enabled = 0; }; }; };CAD98F0AA08BBB639D84FFFA = { SystemCapabilities = {com.apple.ApplicationGroups.iOS = { enabled = 0; }; com.apple.InAppPurchase = { enabled = 0; }; com.apple.InterAppAudio = { enabled = 0; }; com.apple.Push = { enabled = 0; }; com.apple.Sandbox = { enabled = 0; }; com.apple.HardenedRuntime = { enabled = 0; }; }; };5C2DE4FB267BEF2E53204A88 = { SystemCapabilities = {com.apple.ApplicationGroups.iOS = { enabled = 0; }; com.apple.InAppPurchase = { enabled = 0; }; com.apple.InterAppAudio = { enabled = 0; }; com.apple.Push = { enabled = 0; }; com.apple.Sandbox = { enabled = 0; }; com.apple.HardenedRuntime = { enabled = 0; }; }; };7E68819B7002E8CE427AD098 = { SystemCapabilities = {com.apple.ApplicationGroups.iOS = { enabled = 0; }; com.apple.InAppPurchase = { enabled = 0; }; com.apple.InterAppAudio = { enabled = 0; }; com.apple.Push = { enabled = 0; }; com.apple.Sandbox = { enabled = 0; }; com.apple.HardenedRuntime = { enabled = 0; }; }; };544C5A6F37883369B4B9A446 = { SystemCapabilities = {com.apple.ApplicationGroups.iOS = { enabled = 0; }; com.apple.InAppPurchase = { enabled = 0; }; com.apple.InterAppAudio = { enabled = 0; }; com.apple.Push = { enabled = 0; }; com.apple.Sandbox = { enabled = 0; }; com.apple.HardenedRuntime = { enabled = 0; }; }; }; }; };
			compatibilityVersion = "Xcode 3.2";
			hasScannedForEncodings = 0;
			mainGroup = 95FB1F75857679F65C796368;
			projectDirPath = "";
			projectRoot = "";
			targets = (A2B44FD8D14F183BA9284AD6, CAD98F0AA08BBB639D84FFFA, 5C2DE4FB267BEF2E53204A88, 7E68819B7002E8CE427AD098, 544C5A6F37883369B4B9A446);
			knownRegions = (en, Base);
		};
	};
	rootObject = CE09B9467485CED5853A279C;
}
